
Microsoft Visual Studio Solution File, Format Version 12.00
# Visual Studio 2013
VisualStudioVersion = 12.0.31101.0
MinimumVisualStudioVersion = 10.0.40219.1
Project("{8BC9CEB8-8B4A-11D0-8D11-00A0C91BC942}") = "part1-01", "part1-01\part1-01.vcxproj", "{08485520-B0FC-418B-82E3-7FBADB6685E4}"
EndProject
Project("{8BC9CEB8-8B4A-11D0-8D11-00A0C91BC942}") = "part1-02", "part1-02\part1-02.vcxproj", "{881098F0-96A2-4AED-9BCD-D8DE393D8447}"
EndProject
Project("{8BC9CEB8-8B4A-11D0-8D11-00A0C91BC942}") = "part1-03", "part1-03\part1-03.vcxproj", "{F3BE0C51-371E-4EB8-9C1E-DD950E98C07E}"
EndProject
Project("{8BC9CEB8-8B4A-11D0-8D11-00A0C91BC942}") = "part1-04", "part1-04\part1-04.vcxproj", "{9C611876-B812-4186-BBF8-CFBF5431D4F7}"
EndProject
Project("{8BC9CEB8-8B4A-11D0-8D11-00A0C91BC942}") = "part1-05", "part1-05\part1-05.vcxproj", "{7CC258FE-852B-424A-ABCD-AF3181845E4D}"
EndProject
Global
	GlobalSection(SolutionConfigurationPlatforms) = preSolution
		Debug|Win32 = Debug|Win32
		Release|Win32 = Release|Win32
	EndGlobalSection
	GlobalSection(ProjectConfigurationPlatforms) = postSolution
		{08485520-B0FC-418B-82E3-7FBADB6685E4}.Debug|Win32.ActiveCfg = Debug|Win32
		{08485520-B0FC-418B-82E3-7FBADB6685E4}.Debug|Win32.Build.0 = Debug|Win32
		{08485520-B0FC-418B-82E3-7FBADB6685E4}.Release|Win32.ActiveCfg = Release|Win32
		{08485520-B0FC-418B-82E3-7FBADB6685E4}.Release|Win32.Build.0 = Release|Win32
		{881098F0-96A2-4AED-9BCD-D8DE393D8447}.Debug|Win32.ActiveCfg = Debug|Win32
		{881098F0-96A2-4AED-9BCD-D8DE393D8447}.Debug|Win32.Build.0 = Debug|Win32
		{881098F0-96A2-4AED-9BCD-D8DE393D8447}.Release|Win32.ActiveCfg = Release|Win32
		{881098F0-96A2-4AED-9BCD-D8DE393D8447}.Release|Win32.Build.0 = Release|Win32
		{F3BE0C51-371E-4EB8-9C1E-DD950E98C07E}.Debug|Win32.ActiveCfg = Debug|Win32
		{F3BE0C51-371E-4EB8-9C1E-DD950E98C07E}.Debug|Win32.Build.0 = Debug|Win32
		{F3BE0C51-371E-4EB8-9C1E-DD950E98C07E}.Release|Win32.ActiveCfg = Release|Win32
		{F3BE0C51-371E-4EB8-9C1E-DD950E98C07E}.Release|Win32.Build.0 = Release|Win32
		{9C611876-B812-4186-BBF8-CFBF5431D4F7}.Debug|Win32.ActiveCfg = Debug|Win32
		{9C611876-B812-4186-BBF8-CFBF5431D4F7}.Debug|Win32.Build.0 = Debug|Win32
		{9C611876-B812-4186-BBF8-CFBF5431D4F7}.Release|Win32.ActiveCfg = Release|Win32
		{9C611876-B812-4186-BBF8-CFBF5431D4F7}.Release|Win32.Build.0 = Release|Win32
		{7CC258FE-852B-424A-ABCD-AF3181845E4D}.Debug|Win32.ActiveCfg = Debug|Win32
		{7CC258FE-852B-424A-ABCD-AF3181845E4D}.Debug|Win32.Build.0 = Debug|Win32
		{7CC258FE-852B-424A-ABCD-AF3181845E4D}.Release|Win32.ActiveCfg = Release|Win32
		{7CC258FE-852B-424A-ABCD-AF3181845E4D}.Release|Win32.Build.0 = Release|Win32
	EndGlobalSection
	GlobalSection(SolutionProperties) = preSolution
		HideSolutionNode = FALSE
	EndGlobalSection
EndGlobal
